
Microsoft Visual Studio Solution File, Format Version 12.00
# Visual Studio Version 16
VisualStudioVersion = 16.0.34031.81
MinimumVisualStudioVersion = 10.0.40219.1
Project("{2150E333-8FDC-42A3-9474-1A3956D46DE8}") = "Task0", "Task0", "{1D1DAC01-2D1D-41EE-BD14-4A74FF20E609}"
EndProject
Project("{FAE04EC0-301F-11D3-BF4B-00C04F79EFBC}") = "Tyuiu.LoginovMV.Sprint2.Task0.V8", "Tyuiu.LoginovMV.Sprint2.Task0.V8\Tyuiu.LoginovMV.Sprint2.Task0.V8.csproj", "{54CCDA61-5EAB-4A27-A39B-F8275692C12A}"
EndProject
Project("{FAE04EC0-301F-11D3-BF4B-00C04F79EFBC}") = "Tyuiu.LoginovMV.Sprint2.Task0.V8.Lib", "Tyuiu.LoginovMV.Sprint2.Task0.V8.Lib\Tyuiu.LoginovMV.Sprint2.Task0.V8.Lib.csproj", "{C76767E3-E9CB-406C-8ADF-5398424F79EC}"
EndProject
Project("{FAE04EC0-301F-11D3-BF4B-00C04F79EFBC}") = "Tyuiu.LoginovMV.Sprint2.Task0.V8.Test", "Tyuiu.LoginovMV.Sprint2.Task0.V8.Test\Tyuiu.LoginovMV.Sprint2.Task0.V8.Test.csproj", "{A6465FBB-02DF-4838-AB03-D10AF6939D2A}"
EndProject
Project("{2150E333-8FDC-42A3-9474-1A3956D46DE8}") = "Task1", "Task1", "{D83D42FD-BFC6-49FB-87AE-3A8D3844DC4E}"
EndProject
Project("{FAE04EC0-301F-11D3-BF4B-00C04F79EFBC}") = "Tyuiu.LoginovMV.Sprint2.Task1.V9", "Tyuiu.LoginovMV.Sprint2.Task1.V9\Tyuiu.LoginovMV.Sprint2.Task1.V9.csproj", "{34D0651F-CD31-4094-82E1-743654B2967C}"
EndProject
Project("{FAE04EC0-301F-11D3-BF4B-00C04F79EFBC}") = "Tyuiu.LoginovMV.Sprint2.Task1.V9.Lib", "Tyuiu.LoginovMV.Sprint2.Task1.V9.Lib\Tyuiu.LoginovMV.Sprint2.Task1.V9.Lib.csproj", "{786B8B6B-2FC8-4CEA-ADD5-E872BDE6C3F6}"
EndProject
Project("{FAE04EC0-301F-11D3-BF4B-00C04F79EFBC}") = "Tyuiu.LoginovMV.Sprint2.Task1.V9.Test", "Tyuiu.LoginovMV.Sprint2.Task1.V9.Test\Tyuiu.LoginovMV.Sprint2.Task1.V9.Test.csproj", "{863DBAEC-3E1A-4875-B0CA-FA24370C12E2}"
EndProject
Project("{2150E333-8FDC-42A3-9474-1A3956D46DE8}") = "Task2", "Task2", "{2DAAC84C-4B7F-4F94-992C-301585EC8159}"
EndProject
Project("{FAE04EC0-301F-11D3-BF4B-00C04F79EFBC}") = "Tyuiu.LoginovMV.Sprint2.Task2.V25", "Tyuiu.LoginovMV.Sprint2.Task2.V25\Tyuiu.LoginovMV.Sprint2.Task2.V25.csproj", "{7A1FAC03-B2E4-4DFA-9E45-37B930963261}"
EndProject
Project("{FAE04EC0-301F-11D3-BF4B-00C04F79EFBC}") = "Tyuiu.LoginovMV.Sprint2.Task2.V25.Lib", "Tyuiu.LoginovMV.Sprint2.Task2.V25.Lib\Tyuiu.LoginovMV.Sprint2.Task2.V25.Lib.csproj", "{64921B14-6A3B-4BCA-BD3E-D90B1DFFF0C2}"
EndProject
Project("{FAE04EC0-301F-11D3-BF4B-00C04F79EFBC}") = "Tyuiu.LoginovMV.Sprint2.Task2.V25.Test", "Tyuiu.LoginovMV.Sprint2.Task2.V25.Test\Tyuiu.LoginovMV.Sprint2.Task2.V25.Test.csproj", "{19D06775-797A-4AAE-A7E5-91C9C56DC9BE}"
EndProject
Global
	GlobalSection(SolutionConfigurationPlatforms) = preSolution
		Debug|Any CPU = Debug|Any CPU
		Release|Any CPU = Release|Any CPU
	EndGlobalSection
	GlobalSection(ProjectConfigurationPlatforms) = postSolution
		{54CCDA61-5EAB-4A27-A39B-F8275692C12A}.Debug|Any CPU.ActiveCfg = Debug|Any CPU
		{54CCDA61-5EAB-4A27-A39B-F8275692C12A}.Debug|Any CPU.Build.0 = Debug|Any CPU
		{54CCDA61-5EAB-4A27-A39B-F8275692C12A}.Release|Any CPU.ActiveCfg = Release|Any CPU
		{54CCDA61-5EAB-4A27-A39B-F8275692C12A}.Release|Any CPU.Build.0 = Release|Any CPU
		{C76767E3-E9CB-406C-8ADF-5398424F79EC}.Debug|Any CPU.ActiveCfg = Debug|Any CPU
		{C76767E3-E9CB-406C-8ADF-5398424F79EC}.Debug|Any CPU.Build.0 = Debug|Any CPU
		{C76767E3-E9CB-406C-8ADF-5398424F79EC}.Release|Any CPU.ActiveCfg = Release|Any CPU
		{C76767E3-E9CB-406C-8ADF-5398424F79EC}.Release|Any CPU.Build.0 = Release|Any CPU
		{A6465FBB-02DF-4838-AB03-D10AF6939D2A}.Debug|Any CPU.ActiveCfg = Debug|Any CPU
		{A6465FBB-02DF-4838-AB03-D10AF6939D2A}.Debug|Any CPU.Build.0 = Debug|Any CPU
		{A6465FBB-02DF-4838-AB03-D10AF6939D2A}.Release|Any CPU.ActiveCfg = Release|Any CPU
		{A6465FBB-02DF-4838-AB03-D10AF6939D2A}.Release|Any CPU.Build.0 = Release|Any CPU
		{34D0651F-CD31-4094-82E1-743654B2967C}.Debug|Any CPU.ActiveCfg = Debug|Any CPU
		{34D0651F-CD31-4094-82E1-743654B2967C}.Debug|Any CPU.Build.0 = Debug|Any CPU
		{34D0651F-CD31-4094-82E1-743654B2967C}.Release|Any CPU.ActiveCfg = Release|Any CPU
		{34D0651F-CD31-4094-82E1-743654B2967C}.Release|Any CPU.Build.0 = Release|Any CPU
		{786B8B6B-2FC8-4CEA-ADD5-E872BDE6C3F6}.Debug|Any CPU.ActiveCfg = Debug|Any CPU
		{786B8B6B-2FC8-4CEA-ADD5-E872BDE6C3F6}.Debug|Any CPU.Build.0 = Debug|Any CPU
		{786B8B6B-2FC8-4CEA-ADD5-E872BDE6C3F6}.Release|Any CPU.ActiveCfg = Release|Any CPU
		{786B8B6B-2FC8-4CEA-ADD5-E872BDE6C3F6}.Release|Any CPU.Build.0 = Release|Any CPU
		{863DBAEC-3E1A-4875-B0CA-FA24370C12E2}.Debug|Any CPU.ActiveCfg = Debug|Any CPU
		{863DBAEC-3E1A-4875-B0CA-FA24370C12E2}.Debug|Any CPU.Build.0 = Debug|Any CPU
		{863DBAEC-3E1A-4875-B0CA-FA24370C12E2}.Release|Any CPU.ActiveCfg = Release|Any CPU
		{863DBAEC-3E1A-4875-B0CA-FA24370C12E2}.Release|Any CPU.Build.0 = Release|Any CPU
		{7A1FAC03-B2E4-4DFA-9E45-37B930963261}.Debug|Any CPU.ActiveCfg = Debug|Any CPU
		{7A1FAC03-B2E4-4DFA-9E45-37B930963261}.Debug|Any CPU.Build.0 = Debug|Any CPU
		{7A1FAC03-B2E4-4DFA-9E45-37B930963261}.Release|Any CPU.ActiveCfg = Release|Any CPU
		{7A1FAC03-B2E4-4DFA-9E45-37B930963261}.Release|Any CPU.Build.0 = Release|Any CPU
		{64921B14-6A3B-4BCA-BD3E-D90B1DFFF0C2}.Debug|Any CPU.ActiveCfg = Debug|Any CPU
		{64921B14-6A3B-4BCA-BD3E-D90B1DFFF0C2}.Debug|Any CPU.Build.0 = Debug|Any CPU
		{64921B14-6A3B-4BCA-BD3E-D90B1DFFF0C2}.Release|Any CPU.ActiveCfg = Release|Any CPU
		{64921B14-6A3B-4BCA-BD3E-D90B1DFFF0C2}.Release|Any CPU.Build.0 = Release|Any CPU
		{19D06775-797A-4AAE-A7E5-91C9C56DC9BE}.Debug|Any CPU.ActiveCfg = Debug|Any CPU
		{19D06775-797A-4AAE-A7E5-91C9C56DC9BE}.Debug|Any CPU.Build.0 = Debug|Any CPU
		{19D06775-797A-4AAE-A7E5-91C9C56DC9BE}.Release|Any CPU.ActiveCfg = Release|Any CPU
		{19D06775-797A-4AAE-A7E5-91C9C56DC9BE}.Release|Any CPU.Build.0 = Release|Any CPU
	EndGlobalSection
	GlobalSection(SolutionProperties) = preSolution
		HideSolutionNode = FALSE
	EndGlobalSection
	GlobalSection(NestedProjects) = preSolution
		{54CCDA61-5EAB-4A27-A39B-F8275692C12A} = {1D1DAC01-2D1D-41EE-BD14-4A74FF20E609}
		{C76767E3-E9CB-406C-8ADF-5398424F79EC} = {1D1DAC01-2D1D-41EE-BD14-4A74FF20E609}
		{A6465FBB-02DF-4838-AB03-D10AF6939D2A} = {1D1DAC01-2D1D-41EE-BD14-4A74FF20E609}
		{34D0651F-CD31-4094-82E1-743654B2967C} = {D83D42FD-BFC6-49FB-87AE-3A8D3844DC4E}
		{786B8B6B-2FC8-4CEA-ADD5-E872BDE6C3F6} = {D83D42FD-BFC6-49FB-87AE-3A8D3844DC4E}
		{863DBAEC-3E1A-4875-B0CA-FA24370C12E2} = {D83D42FD-BFC6-49FB-87AE-3A8D3844DC4E}
		{7A1FAC03-B2E4-4DFA-9E45-37B930963261} = {2DAAC84C-4B7F-4F94-992C-301585EC8159}
		{64921B14-6A3B-4BCA-BD3E-D90B1DFFF0C2} = {2DAAC84C-4B7F-4F94-992C-301585EC8159}
		{19D06775-797A-4AAE-A7E5-91C9C56DC9BE} = {2DAAC84C-4B7F-4F94-992C-301585EC8159}
	EndGlobalSection
	GlobalSection(ExtensibilityGlobals) = postSolution
		SolutionGuid = {5AB89A86-0225-44B6-A3A1-A174FC2428CE}
	EndGlobalSection
EndGlobal
