
Microsoft Visual Studio Solution File, Format Version 12.00
# Visual Studio Version 16
VisualStudioVersion = 16.0.34031.81
MinimumVisualStudioVersion = 10.0.40219.1
Project("{2150E333-8FDC-42A3-9474-1A3956D46DE8}") = "Task0", "Task0", "{1D1DAC01-2D1D-41EE-BD14-4A74FF20E609}"
EndProject
Project("{FAE04EC0-301F-11D3-BF4B-00C04F79EFBC}") = "Tyuiu.LoginovMV.Sprint2.Task0.V8", "Tyuiu.LoginovMV.Sprint2.Task0.V8\Tyuiu.LoginovMV.Sprint2.Task0.V8.csproj", "{54CCDA61-5EAB-4A27-A39B-F8275692C12A}"
EndProject
Project("{FAE04EC0-301F-11D3-BF4B-00C04F79EFBC}") = "Tyuiu.LoginovMV.Sprint2.Task0.V8.Lib", "Tyuiu.LoginovMV.Sprint2.Task0.V8.Lib\Tyuiu.LoginovMV.Sprint2.Task0.V8.Lib.csproj", "{C76767E3-E9CB-406C-8ADF-5398424F79EC}"
EndProject
Project("{FAE04EC0-301F-11D3-BF4B-00C04F79EFBC}") = "Tyuiu.LoginovMV.Sprint2.Task0.V8.Test", "Tyuiu.LoginovMV.Sprint2.Task0.V8.Test\Tyuiu.LoginovMV.Sprint2.Task0.V8.Test.csproj", "{A6465FBB-02DF-4838-AB03-D10AF6939D2A}"
EndProject
Global
	GlobalSection(SolutionConfigurationPlatforms) = preSolution
		Debug|Any CPU = Debug|Any CPU
		Release|Any CPU = Release|Any CPU
	EndGlobalSection
	GlobalSection(ProjectConfigurationPlatforms) = postSolution
		{54CCDA61-5EAB-4A27-A39B-F8275692C12A}.Debug|Any CPU.ActiveCfg = Debug|Any CPU
		{54CCDA61-5EAB-4A27-A39B-F8275692C12A}.Debug|Any CPU.Build.0 = Debug|Any CPU
		{54CCDA61-5EAB-4A27-A39B-F8275692C12A}.Release|Any CPU.ActiveCfg = Release|Any CPU
		{54CCDA61-5EAB-4A27-A39B-F8275692C12A}.Release|Any CPU.Build.0 = Release|Any CPU
		{C76767E3-E9CB-406C-8ADF-5398424F79EC}.Debug|Any CPU.ActiveCfg = Debug|Any CPU
		{C76767E3-E9CB-406C-8ADF-5398424F79EC}.Debug|Any CPU.Build.0 = Debug|Any CPU
		{C76767E3-E9CB-406C-8ADF-5398424F79EC}.Release|Any CPU.ActiveCfg = Release|Any CPU
		{C76767E3-E9CB-406C-8ADF-5398424F79EC}.Release|Any CPU.Build.0 = Release|Any CPU
		{A6465FBB-02DF-4838-AB03-D10AF6939D2A}.Debug|Any CPU.ActiveCfg = Debug|Any CPU
		{A6465FBB-02DF-4838-AB03-D10AF6939D2A}.Debug|Any CPU.Build.0 = Debug|Any CPU
		{A6465FBB-02DF-4838-AB03-D10AF6939D2A}.Release|Any CPU.ActiveCfg = Release|Any CPU
		{A6465FBB-02DF-4838-AB03-D10AF6939D2A}.Release|Any CPU.Build.0 = Release|Any CPU
	EndGlobalSection
	GlobalSection(SolutionProperties) = preSolution
		HideSolutionNode = FALSE
	EndGlobalSection
	GlobalSection(NestedProjects) = preSolution
		{54CCDA61-5EAB-4A27-A39B-F8275692C12A} = {1D1DAC01-2D1D-41EE-BD14-4A74FF20E609}
		{C76767E3-E9CB-406C-8ADF-5398424F79EC} = {1D1DAC01-2D1D-41EE-BD14-4A74FF20E609}
		{A6465FBB-02DF-4838-AB03-D10AF6939D2A} = {1D1DAC01-2D1D-41EE-BD14-4A74FF20E609}
	EndGlobalSection
	GlobalSection(ExtensibilityGlobals) = postSolution
		SolutionGuid = {5AB89A86-0225-44B6-A3A1-A174FC2428CE}
	EndGlobalSection
EndGlobal
